
Microsoft Visual Studio Solution File, Format Version 12.00
# Visual Studio Version 17
VisualStudioVersion = 17.1.32328.378
MinimumVisualStudioVersion = 10.0.40219.1
Project("{8BC9CEB8-8B4A-11D0-8D11-00A0C91BC942}") = "APLGender", "APLGender.vcxproj", "{0861A20C-3819-4E40-8C09-096953A734A8}"
EndProject
Global
	GlobalSection(SolutionConfigurationPlatforms) = preSolution
		Debug|x64 = Debug|x64
		Debug|x86 = Debug|x86
		Release|x64 = Release|x64
		Release|x86 = Release|x86
	EndGlobalSection
	GlobalSection(ProjectConfigurationPlatforms) = postSolution
		{0861A20C-3819-4E40-8C09-096953A734A8}.Debug|x64.ActiveCfg = Debug|x64
		{0861A20C-3819-4E40-8C09-096953A734A8}.Debug|x64.Build.0 = Debug|x64
		{0861A20C-3819-4E40-8C09-096953A734A8}.Debug|x86.ActiveCfg = Debug|Win32
		{0861A20C-3819-4E40-8C09-096953A734A8}.Debug|x86.Build.0 = Debug|Win32
		{0861A20C-3819-4E40-8C09-096953A734A8}.Release|x64.ActiveCfg = Release|x64
		{0861A20C-3819-4E40-8C09-096953A734A8}.Release|x64.Build.0 = Release|x64
		{0861A20C-3819-4E40-8C09-096953A734A8}.Release|x86.ActiveCfg = Release|Win32
		{0861A20C-3819-4E40-8C09-096953A734A8}.Release|x86.Build.0 = Release|Win32
	EndGlobalSection
	GlobalSection(SolutionProperties) = preSolution
		HideSolutionNode = FALSE
	EndGlobalSection
	GlobalSection(ExtensibilityGlobals) = postSolution
		SolutionGuid = {4AEE0F09-09FB-47FA-B552-5B1C3ED77EAA}
	EndGlobalSection
EndGlobal
